
Microsoft Visual Studio Solution File, Format Version 12.00
# Visual Studio Version 17
VisualStudioVersion = 17.0.31903.59
MinimumVisualStudioVersion = 10.0.40219.1
Project("{2150E333-8FDC-42A3-9474-1A3956D46DE8}") = "src", "src", "{827E0CD3-B72D-47B6-A68D-7590B98EB39B}"
EndProject
Project("{FAE04EC0-301F-11D3-BF4B-00C04F79EFBC}") = "Gym.Domain", "src\Gym.Domain\Gym.Domain.csproj", "{1FC413B5-C263-41C2-98C4-4DB5225AE435}"
EndProject
Project("{FAE04EC0-301F-11D3-BF4B-00C04F79EFBC}") = "Gym.Application", "src\Gym.Application\Gym.Application.csproj", "{95681422-C564-41B4-B6A2-2BC897309ED8}"
EndProject
Project("{FAE04EC0-301F-11D3-BF4B-00C04F79EFBC}") = "Gym.Infrastructure", "src\Gym.Infrastructure\Gym.Infrastructure.csproj", "{643937EF-05D5-4EB4-A37A-D2FFA3AEF4D6}"
EndProject
Project("{FAE04EC0-301F-11D3-BF4B-00C04F79EFBC}") = "Gym.Api", "src\Gym.Api\Gym.Api.csproj", "{6905E1E4-95FB-46AB-AFCF-EA7D08F0496A}"
EndProject
Project("{2150E333-8FDC-42A3-9474-1A3956D46DE8}") = "tests", "tests", "{0AB3BF05-4346-4AA6-1389-037BE0695223}"
EndProject
Project("{FAE04EC0-301F-11D3-BF4B-00C04F79EFBC}") = "Gym.Domain.Tests", "tests\Gym.Domain.Tests\Gym.Domain.Tests.csproj", "{2C626F90-4C08-47F1-9F0F-4C45CEF89D3E}"
EndProject
Project("{FAE04EC0-301F-11D3-BF4B-00C04F79EFBC}") = "Gym.Application.Tests", "tests\Gym.Application.Tests\Gym.Application.Tests.csproj", "{2ACA7455-7777-4B46-93DD-F6F31C154884}"
EndProject
Project("{FAE04EC0-301F-11D3-BF4B-00C04F79EFBC}") = "Gym.IntegrationTests", "tests\Gym.IntegrationTests\Gym.IntegrationTests.csproj", "{B42C51E2-4D96-4BFC-A1C6-1C7DA93E06FA}"
EndProject
Global
	GlobalSection(SolutionConfigurationPlatforms) = preSolution
		Debug|Any CPU = Debug|Any CPU
		Debug|x64 = Debug|x64
		Debug|x86 = Debug|x86
		Release|Any CPU = Release|Any CPU
		Release|x64 = Release|x64
		Release|x86 = Release|x86
	EndGlobalSection
	GlobalSection(ProjectConfigurationPlatforms) = postSolution
		{1FC413B5-C263-41C2-98C4-4DB5225AE435}.Debug|Any CPU.ActiveCfg = Debug|Any CPU
		{1FC413B5-C263-41C2-98C4-4DB5225AE435}.Debug|Any CPU.Build.0 = Debug|Any CPU
		{1FC413B5-C263-41C2-98C4-4DB5225AE435}.Debug|x64.ActiveCfg = Debug|Any CPU
		{1FC413B5-C263-41C2-98C4-4DB5225AE435}.Debug|x64.Build.0 = Debug|Any CPU
		{1FC413B5-C263-41C2-98C4-4DB5225AE435}.Debug|x86.ActiveCfg = Debug|Any CPU
		{1FC413B5-C263-41C2-98C4-4DB5225AE435}.Debug|x86.Build.0 = Debug|Any CPU
		{1FC413B5-C263-41C2-98C4-4DB5225AE435}.Release|Any CPU.ActiveCfg = Release|Any CPU
		{1FC413B5-C263-41C2-98C4-4DB5225AE435}.Release|Any CPU.Build.0 = Release|Any CPU
		{1FC413B5-C263-41C2-98C4-4DB5225AE435}.Release|x64.ActiveCfg = Release|Any CPU
		{1FC413B5-C263-41C2-98C4-4DB5225AE435}.Release|x64.Build.0 = Release|Any CPU
		{1FC413B5-C263-41C2-98C4-4DB5225AE435}.Release|x86.ActiveCfg = Release|Any CPU
		{1FC413B5-C263-41C2-98C4-4DB5225AE435}.Release|x86.Build.0 = Release|Any CPU
		{95681422-C564-41B4-B6A2-2BC897309ED8}.Debug|Any CPU.ActiveCfg = Debug|Any CPU
		{95681422-C564-41B4-B6A2-2BC897309ED8}.Debug|Any CPU.Build.0 = Debug|Any CPU
		{95681422-C564-41B4-B6A2-2BC897309ED8}.Debug|x64.ActiveCfg = Debug|Any CPU
		{95681422-C564-41B4-B6A2-2BC897309ED8}.Debug|x64.Build.0 = Debug|Any CPU
		{95681422-C564-41B4-B6A2-2BC897309ED8}.Debug|x86.ActiveCfg = Debug|Any CPU
		{95681422-C564-41B4-B6A2-2BC897309ED8}.Debug|x86.Build.0 = Debug|Any CPU
		{95681422-C564-41B4-B6A2-2BC897309ED8}.Release|Any CPU.ActiveCfg = Release|Any CPU
		{95681422-C564-41B4-B6A2-2BC897309ED8}.Release|Any CPU.Build.0 = Release|Any CPU
		{95681422-C564-41B4-B6A2-2BC897309ED8}.Release|x64.ActiveCfg = Release|Any CPU
		{95681422-C564-41B4-B6A2-2BC897309ED8}.Release|x64.Build.0 = Release|Any CPU
		{95681422-C564-41B4-B6A2-2BC897309ED8}.Release|x86.ActiveCfg = Release|Any CPU
		{95681422-C564-41B4-B6A2-2BC897309ED8}.Release|x86.Build.0 = Release|Any CPU
		{643937EF-05D5-4EB4-A37A-D2FFA3AEF4D6}.Debug|Any CPU.ActiveCfg = Debug|Any CPU
		{643937EF-05D5-4EB4-A37A-D2FFA3AEF4D6}.Debug|Any CPU.Build.0 = Debug|Any CPU
		{643937EF-05D5-4EB4-A37A-D2FFA3AEF4D6}.Debug|x64.ActiveCfg = Debug|Any CPU
		{643937EF-05D5-4EB4-A37A-D2FFA3AEF4D6}.Debug|x64.Build.0 = Debug|Any CPU
		{643937EF-05D5-4EB4-A37A-D2FFA3AEF4D6}.Debug|x86.ActiveCfg = Debug|Any CPU
		{643937EF-05D5-4EB4-A37A-D2FFA3AEF4D6}.Debug|x86.Build.0 = Debug|Any CPU
		{643937EF-05D5-4EB4-A37A-D2FFA3AEF4D6}.Release|Any CPU.ActiveCfg = Release|Any CPU
		{643937EF-05D5-4EB4-A37A-D2FFA3AEF4D6}.Release|Any CPU.Build.0 = Release|Any CPU
		{643937EF-05D5-4EB4-A37A-D2FFA3AEF4D6}.Release|x64.ActiveCfg = Release|Any CPU
		{643937EF-05D5-4EB4-A37A-D2FFA3AEF4D6}.Release|x64.Build.0 = Release|Any CPU
		{643937EF-05D5-4EB4-A37A-D2FFA3AEF4D6}.Release|x86.ActiveCfg = Release|Any CPU
		{643937EF-05D5-4EB4-A37A-D2FFA3AEF4D6}.Release|x86.Build.0 = Release|Any CPU
		{6905E1E4-95FB-46AB-AFCF-EA7D08F0496A}.Debug|Any CPU.ActiveCfg = Debug|Any CPU
		{6905E1E4-95FB-46AB-AFCF-EA7D08F0496A}.Debug|Any CPU.Build.0 = Debug|Any CPU
		{6905E1E4-95FB-46AB-AFCF-EA7D08F0496A}.Debug|x64.ActiveCfg = Debug|Any CPU
		{6905E1E4-95FB-46AB-AFCF-EA7D08F0496A}.Debug|x64.Build.0 = Debug|Any CPU
		{6905E1E4-95FB-46AB-AFCF-EA7D08F0496A}.Debug|x86.ActiveCfg = Debug|Any CPU
		{6905E1E4-95FB-46AB-AFCF-EA7D08F0496A}.Debug|x86.Build.0 = Debug|Any CPU
		{6905E1E4-95FB-46AB-AFCF-EA7D08F0496A}.Release|Any CPU.ActiveCfg = Release|Any CPU
		{6905E1E4-95FB-46AB-AFCF-EA7D08F0496A}.Release|Any CPU.Build.0 = Release|Any CPU
		{6905E1E4-95FB-46AB-AFCF-EA7D08F0496A}.Release|x64.ActiveCfg = Release|Any CPU
		{6905E1E4-95FB-46AB-AFCF-EA7D08F0496A}.Release|x64.Build.0 = Release|Any CPU
		{6905E1E4-95FB-46AB-AFCF-EA7D08F0496A}.Release|x86.ActiveCfg = Release|Any CPU
		{6905E1E4-95FB-46AB-AFCF-EA7D08F0496A}.Release|x86.Build.0 = Release|Any CPU
		{2C626F90-4C08-47F1-9F0F-4C45CEF89D3E}.Debug|Any CPU.ActiveCfg = Debug|Any CPU
		{2C626F90-4C08-47F1-9F0F-4C45CEF89D3E}.Debug|Any CPU.Build.0 = Debug|Any CPU
		{2C626F90-4C08-47F1-9F0F-4C45CEF89D3E}.Debug|x64.ActiveCfg = Debug|Any CPU
		{2C626F90-4C08-47F1-9F0F-4C45CEF89D3E}.Debug|x64.Build.0 = Debug|Any CPU
		{2C626F90-4C08-47F1-9F0F-4C45CEF89D3E}.Debug|x86.ActiveCfg = Debug|Any CPU
		{2C626F90-4C08-47F1-9F0F-4C45CEF89D3E}.Debug|x86.Build.0 = Debug|Any CPU
		{2C626F90-4C08-47F1-9F0F-4C45CEF89D3E}.Release|Any CPU.ActiveCfg = Release|Any CPU
		{2C626F90-4C08-47F1-9F0F-4C45CEF89D3E}.Release|Any CPU.Build.0 = Release|Any CPU
		{2C626F90-4C08-47F1-9F0F-4C45CEF89D3E}.Release|x64.ActiveCfg = Release|Any CPU
		{2C626F90-4C08-47F1-9F0F-4C45CEF89D3E}.Release|x64.Build.0 = Release|Any CPU
		{2C626F90-4C08-47F1-9F0F-4C45CEF89D3E}.Release|x86.ActiveCfg = Release|Any CPU
		{2C626F90-4C08-47F1-9F0F-4C45CEF89D3E}.Release|x86.Build.0 = Release|Any CPU
		{2ACA7455-7777-4B46-93DD-F6F31C154884}.Debug|Any CPU.ActiveCfg = Debug|Any CPU
		{2ACA7455-7777-4B46-93DD-F6F31C154884}.Debug|Any CPU.Build.0 = Debug|Any CPU
		{2ACA7455-7777-4B46-93DD-F6F31C154884}.Debug|x64.ActiveCfg = Debug|Any CPU
		{2ACA7455-7777-4B46-93DD-F6F31C154884}.Debug|x64.Build.0 = Debug|Any CPU
		{2ACA7455-7777-4B46-93DD-F6F31C154884}.Debug|x86.ActiveCfg = Debug|Any CPU
		{2ACA7455-7777-4B46-93DD-F6F31C154884}.Debug|x86.Build.0 = Debug|Any CPU
		{2ACA7455-7777-4B46-93DD-F6F31C154884}.Release|Any CPU.ActiveCfg = Release|Any CPU
		{2ACA7455-7777-4B46-93DD-F6F31C154884}.Release|Any CPU.Build.0 = Release|Any CPU
		{2ACA7455-7777-4B46-93DD-F6F31C154884}.Release|x64.ActiveCfg = Release|Any CPU
		{2ACA7455-7777-4B46-93DD-F6F31C154884}.Release|x64.Build.0 = Release|Any CPU
		{2ACA7455-7777-4B46-93DD-F6F31C154884}.Release|x86.ActiveCfg = Release|Any CPU
		{2ACA7455-7777-4B46-93DD-F6F31C154884}.Release|x86.Build.0 = Release|Any CPU
		{B42C51E2-4D96-4BFC-A1C6-1C7DA93E06FA}.Debug|Any CPU.ActiveCfg = Debug|Any CPU
		{B42C51E2-4D96-4BFC-A1C6-1C7DA93E06FA}.Debug|Any CPU.Build.0 = Debug|Any CPU
		{B42C51E2-4D96-4BFC-A1C6-1C7DA93E06FA}.Debug|x64.ActiveCfg = Debug|Any CPU
		{B42C51E2-4D96-4BFC-A1C6-1C7DA93E06FA}.Debug|x64.Build.0 = Debug|Any CPU
		{B42C51E2-4D96-4BFC-A1C6-1C7DA93E06FA}.Debug|x86.ActiveCfg = Debug|Any CPU
		{B42C51E2-4D96-4BFC-A1C6-1C7DA93E06FA}.Debug|x86.Build.0 = Debug|Any CPU
		{B42C51E2-4D96-4BFC-A1C6-1C7DA93E06FA}.Release|Any CPU.ActiveCfg = Release|Any CPU
		{B42C51E2-4D96-4BFC-A1C6-1C7DA93E06FA}.Release|Any CPU.Build.0 = Release|Any CPU
		{B42C51E2-4D96-4BFC-A1C6-1C7DA93E06FA}.Release|x64.ActiveCfg = Release|Any CPU
		{B42C51E2-4D96-4BFC-A1C6-1C7DA93E06FA}.Release|x64.Build.0 = Release|Any CPU
		{B42C51E2-4D96-4BFC-A1C6-1C7DA93E06FA}.Release|x86.ActiveCfg = Release|Any CPU
		{B42C51E2-4D96-4BFC-A1C6-1C7DA93E06FA}.Release|x86.Build.0 = Release|Any CPU
	EndGlobalSection
	GlobalSection(SolutionProperties) = preSolution
		HideSolutionNode = FALSE
	EndGlobalSection
	GlobalSection(NestedProjects) = preSolution
		{1FC413B5-C263-41C2-98C4-4DB5225AE435} = {827E0CD3-B72D-47B6-A68D-7590B98EB39B}
		{95681422-C564-41B4-B6A2-2BC897309ED8} = {827E0CD3-B72D-47B6-A68D-7590B98EB39B}
		{643937EF-05D5-4EB4-A37A-D2FFA3AEF4D6} = {827E0CD3-B72D-47B6-A68D-7590B98EB39B}
		{6905E1E4-95FB-46AB-AFCF-EA7D08F0496A} = {827E0CD3-B72D-47B6-A68D-7590B98EB39B}
		{2C626F90-4C08-47F1-9F0F-4C45CEF89D3E} = {0AB3BF05-4346-4AA6-1389-037BE0695223}
		{2ACA7455-7777-4B46-93DD-F6F31C154884} = {0AB3BF05-4346-4AA6-1389-037BE0695223}
		{B42C51E2-4D96-4BFC-A1C6-1C7DA93E06FA} = {0AB3BF05-4346-4AA6-1389-037BE0695223}
	EndGlobalSection
EndGlobal
